
Microsoft Visual Studio Solution File, Format Version 12.00
# Visual Studio Version 17
VisualStudioVersion = 17.5.33530.505
MinimumVisualStudioVersion = 10.0.40219.1
Project("{FAE04EC0-301F-11D3-BF4B-00C04F79EFBC}") = "EmployeeAccountingApplication", "EmployeeAccountingApplication.csproj", "{66C114D1-F2D8-4ED3-931C-7E1EF8940ED9}"
EndProject
Global
	GlobalSection(SolutionConfigurationPlatforms) = preSolution
		Debug|Any CPU = Debug|Any CPU
		Release|Any CPU = Release|Any CPU
	EndGlobalSection
	GlobalSection(ProjectConfigurationPlatforms) = postSolution
		{66C114D1-F2D8-4ED3-931C-7E1EF8940ED9}.Debug|Any CPU.ActiveCfg = Debug|Any CPU
		{66C114D1-F2D8-4ED3-931C-7E1EF8940ED9}.Debug|Any CPU.Build.0 = Debug|Any CPU
		{66C114D1-F2D8-4ED3-931C-7E1EF8940ED9}.Release|Any CPU.ActiveCfg = Release|Any CPU
		{66C114D1-F2D8-4ED3-931C-7E1EF8940ED9}.Release|Any CPU.Build.0 = Release|Any CPU
	EndGlobalSection
	GlobalSection(SolutionProperties) = preSolution
		HideSolutionNode = FALSE
	EndGlobalSection
	GlobalSection(ExtensibilityGlobals) = postSolution
		SolutionGuid = {009658EC-5154-4426-8CDF-0931763429E0}
	EndGlobalSection
EndGlobal
